// !$*UTF8*$!
{
	archiveVersion = 1;
	classes = {
	};
	objectVersion = 46;
	objects = {

/* Begin PBXBuildFile section */
		4C1A58CC1854D3F2008F75A0 /* Cocoa.framework in Frameworks */ = {isa = PBXBuildFile; fileRef = 4C1A58CB1854D3F2008F75A0 /* Cocoa.framework */; };
		4C1A58D61854D3F2008F75A0 /* InfoPlist.strings in Resources */ = {isa = PBXBuildFile; fileRef = 4C1A58D41854D3F2008F75A0 /* InfoPlist.strings */; };
		4C1A58D81854D3F2008F75A0 /* main.m in Sources */ = {isa = PBXBuildFile; fileRef = 4C1A58D71854D3F2008F75A0 /* main.m */; };
		4C1A58DC1854D3F2008F75A0 /* Credits.rtf in Resources */ = {isa = PBXBuildFile; fileRef = 4C1A58DA1854D3F2008F75A0 /* Credits.rtf */; };
		4C1A58DF1854D3F2008F75A0 /* AppDelegate.m in Sources */ = {isa = PBXBuildFile; fileRef = 4C1A58DE1854D3F2008F75A0 /* AppDelegate.m */; };
		4C1A58E21854D3F2008F75A0 /* MainMenu.xib in Resources */ = {isa = PBXBuildFile; fileRef = 4C1A58E01854D3F2008F75A0 /* MainMenu.xib */; };
		4C1A58E41854D3F2008F75A0 /* Images.xcassets in Resources */ = {isa = PBXBuildFile; fileRef = 4C1A58E31854D3F2008F75A0 /* Images.xcassets */; };
		4C1A58EB1854D3F2008F75A0 /* XCTest.framework in Frameworks */ = {isa = PBXBuildFile; fileRef = 4C1A58EA1854D3F2008F75A0 /* XCTest.framework */; };
		4C1A58EC1854D3F3008F75A0 /* Cocoa.framework in Frameworks */ = {isa = PBXBuildFile; fileRef = 4C1A58CB1854D3F2008F75A0 /* Cocoa.framework */; };
		4C1A58F41854D3F3008F75A0 /* InfoPlist.strings in Resources */ = {isa = PBXBuildFile; fileRef = 4C1A58F21854D3F3008F75A0 /* InfoPlist.strings */; };
		4C1A58F61854D3F3008F75A0 /* rdar_combine_highresTests.m in Sources */ = {isa = PBXBuildFile; fileRef = 4C1A58F51854D3F3008F75A0 /* rdar_combine_highresTests.m */; };
		4C1A59031854D4FD008F75A0 /* j-gruene.jpg in Resources */ = {isa = PBXBuildFile; fileRef = 4C1A58FF1854D4FD008F75A0 /* j-gruene.jpg */; };
		4C1A59041854D4FD008F75A0 /* gruene.png in Resources */ = {isa = PBXBuildFile; fileRef = 4C1A59001854D4FD008F75A0 /* gruene.png */; };
		4C1A59051854D4FD008F75A0 /* j-gruene@2x.jpg in Resources */ = {isa = PBXBuildFile; fileRef = 4C1A59011854D4FD008F75A0 /* j-gruene@2x.jpg */; };
		4C1A59061854D4FD008F75A0 /* gruene@2x.png in Resources */ = {isa = PBXBuildFile; fileRef = 4C1A59021854D4FD008F75A0 /* gruene@2x.png */; };
		4C1A59081854D7EF008F75A0 /* README.md in Resources */ = {isa = PBXBuildFile; fileRef = 4C1A59071854D7EF008F75A0 /* README.md */; };
		4C1A590C1854D8AF008F75A0 /* gruene.pdf in Resources */ = {isa = PBXBuildFile; fileRef = 4C1A590B1854D8AF008F75A0 /* gruene.pdf */; };
/* End PBXBuildFile section */

/* Begin PBXContainerItemProxy section */
		4C1A58ED1854D3F3008F75A0 /* PBXContainerItemProxy */ = {
			isa = PBXContainerItemProxy;
			containerPortal = 4C1A58C01854D3F2008F75A0 /* Project object */;
			proxyType = 1;
			remoteGlobalIDString = 4C1A58C71854D3F2008F75A0;
			remoteInfo = "rdar-combine-highres";
		};
/* End PBXContainerItemProxy section */

/* Begin PBXFileReference section */
		4C1A58C81854D3F2008F75A0 /* rdar-combine-highres.app */ = {isa = PBXFileReference; explicitFileType = wrapper.application; includeInIndex = 0; path = "rdar-combine-highres.app"; sourceTree = BUILT_PRODUCTS_DIR; };
		4C1A58CB1854D3F2008F75A0 /* Cocoa.framework */ = {isa = PBXFileReference; lastKnownFileType = wrapper.framework; name = Cocoa.framework; path = System/Library/Frameworks/Cocoa.framework; sourceTree = SDKROOT; };
		4C1A58CE1854D3F2008F75A0 /* AppKit.framework */ = {isa = PBXFileReference; lastKnownFileType = wrapper.framework; name = AppKit.framework; path = System/Library/Frameworks/AppKit.framework; sourceTree = SDKROOT; };
		4C1A58CF1854D3F2008F75A0 /* CoreData.framework */ = {isa = PBXFileReference; lastKnownFileType = wrapper.framework; name = CoreData.framework; path = System/Library/Frameworks/CoreData.framework; sourceTree = SDKROOT; };
		4C1A58D01854D3F2008F75A0 /* Foundation.framework */ = {isa = PBXFileReference; lastKnownFileType = wrapper.framework; name = Foundation.framework; path = System/Library/Frameworks/Foundation.framework; sourceTree = SDKROOT; };
		4C1A58D31854D3F2008F75A0 /* rdar-combine-highres-Info.plist */ = {isa = PBXFileReference; lastKnownFileType = text.plist.xml; path = "rdar-combine-highres-Info.plist"; sourceTree = "<group>"; };
		4C1A58D51854D3F2008F75A0 /* en */ = {isa = PBXFileReference; lastKnownFileType = text.plist.strings; name = en; path = en.lproj/InfoPlist.strings; sourceTree = "<group>"; };
		4C1A58D71854D3F2008F75A0 /* main.m */ = {isa = PBXFileReference; lastKnownFileType = sourcecode.c.objc; path = main.m; sourceTree = "<group>"; };
		4C1A58D91854D3F2008F75A0 /* rdar-combine-highres-Prefix.pch */ = {isa = PBXFileReference; lastKnownFileType = sourcecode.c.h; path = "rdar-combine-highres-Prefix.pch"; sourceTree = "<group>"; };
		4C1A58DB1854D3F2008F75A0 /* en */ = {isa = PBXFileReference; lastKnownFileType = text.rtf; name = en; path = en.lproj/Credits.rtf; sourceTree = "<group>"; };
		4C1A58DD1854D3F2008F75A0 /* AppDelegate.h */ = {isa = PBXFileReference; lastKnownFileType = sourcecode.c.h; path = AppDelegate.h; sourceTree = "<group>"; };
		4C1A58DE1854D3F2008F75A0 /* AppDelegate.m */ = {isa = PBXFileReference; lastKnownFileType = sourcecode.c.objc; path = AppDelegate.m; sourceTree = "<group>"; };
		4C1A58E11854D3F2008F75A0 /* Base */ = {isa = PBXFileReference; lastKnownFileType = file.xib; name = Base; path = Base.lproj/MainMenu.xib; sourceTree = "<group>"; };
		4C1A58E31854D3F2008F75A0 /* Images.xcassets */ = {isa = PBXFileReference; lastKnownFileType = folder.assetcatalog; path = Images.xcassets; sourceTree = "<group>"; };
		4C1A58E91854D3F2008F75A0 /* rdar-combine-highresTests.xctest */ = {isa = PBXFileReference; explicitFileType = wrapper.cfbundle; includeInIndex = 0; path = "rdar-combine-highresTests.xctest"; sourceTree = BUILT_PRODUCTS_DIR; };
		4C1A58EA1854D3F2008F75A0 /* XCTest.framework */ = {isa = PBXFileReference; lastKnownFileType = wrapper.framework; name = XCTest.framework; path = Library/Frameworks/XCTest.framework; sourceTree = DEVELOPER_DIR; };
		4C1A58F11854D3F3008F75A0 /* rdar-combine-highresTests-Info.plist */ = {isa = PBXFileReference; lastKnownFileType = text.plist.xml; path = "rdar-combine-highresTests-Info.plist"; sourceTree = "<group>"; };
		4C1A58F31854D3F3008F75A0 /* en */ = {isa = PBXFileReference; lastKnownFileType = text.plist.strings; name = en; path = en.lproj/InfoPlist.strings; sourceTree = "<group>"; };
		4C1A58F51854D3F3008F75A0 /* rdar_combine_highresTests.m */ = {isa = PBXFileReference; lastKnownFileType = sourcecode.c.objc; path = rdar_combine_highresTests.m; sourceTree = "<group>"; };
		4C1A58FF1854D4FD008F75A0 /* j-gruene.jpg */ = {isa = PBXFileReference; lastKnownFileType = image.jpeg; path = "j-gruene.jpg"; sourceTree = SOURCE_ROOT; };
		4C1A59001854D4FD008F75A0 /* gruene.png */ = {isa = PBXFileReference; lastKnownFileType = image.png; path = gruene.png; sourceTree = SOURCE_ROOT; };
		4C1A59011854D4FD008F75A0 /* j-gruene@2x.jpg */ = {isa = PBXFileReference; lastKnownFileType = image.jpeg; path = "j-gruene@2x.jpg"; sourceTree = SOURCE_ROOT; };
		4C1A59021854D4FD008F75A0 /* gruene@2x.png */ = {isa = PBXFileReference; lastKnownFileType = image.png; path = "gruene@2x.png"; sourceTree = SOURCE_ROOT; };
		4C1A59071854D7EF008F75A0 /* README.md */ = {isa = PBXFileReference; fileEncoding = 4; lastKnownFileType = text; path = README.md; sourceTree = "<group>"; };
		4C1A590B1854D8AF008F75A0 /* gruene.pdf */ = {isa = PBXFileReference; lastKnownFileType = image.pdf; path = gruene.pdf; sourceTree = SOURCE_ROOT; };
/* End PBXFileReference section */

/* Begin PBXFrameworksBuildPhase section */
		4C1A58C51854D3F2008F75A0 /* Frameworks */ = {
			isa = PBXFrameworksBuildPhase;
			buildActionMask = 2147483647;
			files = (
				4C1A58CC1854D3F2008F75A0 /* Cocoa.framework in Frameworks */,
			);
			runOnlyForDeploymentPostprocessing = 0;
		};
		4C1A58E61854D3F2008F75A0 /* Frameworks */ = {
			isa = PBXFrameworksBuildPhase;
			buildActionMask = 2147483647;
			files = (
				4C1A58EC1854D3F3008F75A0 /* Cocoa.framework in Frameworks */,
				4C1A58EB1854D3F2008F75A0 /* XCTest.framework in Frameworks */,
			);
			runOnlyForDeploymentPostprocessing = 0;
		};
/* End PBXFrameworksBuildPhase section */

/* Begin PBXGroup section */
		4C1A58BF1854D3F2008F75A0 = {
			isa = PBXGroup;
			children = (
				4C1A59071854D7EF008F75A0 /* README.md */,
				4C1A58D11854D3F2008F75A0 /* rdar-combine-highres */,
				4C1A58EF1854D3F3008F75A0 /* rdar-combine-highresTests */,
				4C1A58CA1854D3F2008F75A0 /* Frameworks */,
				4C1A58C91854D3F2008F75A0 /* Products */,
			);
			sourceTree = "<group>";
		};
		4C1A58C91854D3F2008F75A0 /* Products */ = {
			isa = PBXGroup;
			children = (
				4C1A58C81854D3F2008F75A0 /* rdar-combine-highres.app */,
				4C1A58E91854D3F2008F75A0 /* rdar-combine-highresTests.xctest */,
			);
			name = Products;
			sourceTree = "<group>";
		};
		4C1A58CA1854D3F2008F75A0 /* Frameworks */ = {
			isa = PBXGroup;
			children = (
				4C1A58CB1854D3F2008F75A0 /* Cocoa.framework */,
				4C1A58EA1854D3F2008F75A0 /* XCTest.framework */,
				4C1A58CD1854D3F2008F75A0 /* Other Frameworks */,
			);
			name = Frameworks;
			sourceTree = "<group>";
		};
		4C1A58CD1854D3F2008F75A0 /* Other Frameworks */ = {
			isa = PBXGroup;
			children = (
				4C1A58CE1854D3F2008F75A0 /* AppKit.framework */,
				4C1A58CF1854D3F2008F75A0 /* CoreData.framework */,
				4C1A58D01854D3F2008F75A0 /* Foundation.framework */,
			);
			name = "Other Frameworks";
			sourceTree = "<group>";
		};
		4C1A58D11854D3F2008F75A0 /* rdar-combine-highres */ = {
			isa = PBXGroup;
			children = (
				4C1A590B1854D8AF008F75A0 /* gruene.pdf */,
				4C1A58FF1854D4FD008F75A0 /* j-gruene.jpg */,
				4C1A59001854D4FD008F75A0 /* gruene.png */,
				4C1A59011854D4FD008F75A0 /* j-gruene@2x.jpg */,
				4C1A59021854D4FD008F75A0 /* gruene@2x.png */,
				4C1A58DD1854D3F2008F75A0 /* AppDelegate.h */,
				4C1A58DE1854D3F2008F75A0 /* AppDelegate.m */,
				4C1A58E01854D3F2008F75A0 /* MainMenu.xib */,
				4C1A58E31854D3F2008F75A0 /* Images.xcassets */,
				4C1A58D21854D3F2008F75A0 /* Supporting Files */,
			);
			path = "rdar-combine-highres";
			sourceTree = "<group>";
		};
		4C1A58D21854D3F2008F75A0 /* Supporting Files */ = {
			isa = PBXGroup;
			children = (
				4C1A58D31854D3F2008F75A0 /* rdar-combine-highres-Info.plist */,
				4C1A58D41854D3F2008F75A0 /* InfoPlist.strings */,
				4C1A58D71854D3F2008F75A0 /* main.m */,
				4C1A58D91854D3F2008F75A0 /* rdar-combine-highres-Prefix.pch */,
				4C1A58DA1854D3F2008F75A0 /* Credits.rtf */,
			);
			name = "Supporting Files";
			sourceTree = "<group>";
		};
		4C1A58EF1854D3F3008F75A0 /* rdar-combine-highresTests */ = {
			isa = PBXGroup;
			children = (
				4C1A58F51854D3F3008F75A0 /* rdar_combine_highresTests.m */,
				4C1A58F01854D3F3008F75A0 /* Supporting Files */,
			);
			path = "rdar-combine-highresTests";
			sourceTree = "<group>";
		};
		4C1A58F01854D3F3008F75A0 /* Supporting Files */ = {
			isa = PBXGroup;
			children = (
				4C1A58F11854D3F3008F75A0 /* rdar-combine-highresTests-Info.plist */,
				4C1A58F21854D3F3008F75A0 /* InfoPlist.strings */,
			);
			name = "Supporting Files";
			sourceTree = "<group>";
		};
/* End PBXGroup section */

/* Begin PBXNativeTarget section */
		4C1A58C71854D3F2008F75A0 /* rdar-combine-highres */ = {
			isa = PBXNativeTarget;
			buildConfigurationList = 4C1A58F91854D3F3008F75A0 /* Build configuration list for PBXNativeTarget "rdar-combine-highres" */;
			buildPhases = (
				4C1A58C41854D3F2008F75A0 /* Sources */,
				4C1A58C51854D3F2008F75A0 /* Frameworks */,
				4C1A58C61854D3F2008F75A0 /* Resources */,
			);
			buildRules = (
			);
			dependencies = (
			);
			name = "rdar-combine-highres";
			productName = "rdar-combine-highres";
			productReference = 4C1A58C81854D3F2008F75A0 /* rdar-combine-highres.app */;
			productType = "com.apple.product-type.application";
		};
		4C1A58E81854D3F2008F75A0 /* rdar-combine-highresTests */ = {
			isa = PBXNativeTarget;
			buildConfigurationList = 4C1A58FC1854D3F3008F75A0 /* Build configuration list for PBXNativeTarget "rdar-combine-highresTests" */;
			buildPhases = (
				4C1A58E51854D3F2008F75A0 /* Sources */,
				4C1A58E61854D3F2008F75A0 /* Frameworks */,
				4C1A58E71854D3F2008F75A0 /* Resources */,
			);
			buildRules = (
			);
			dependencies = (
				4C1A58EE1854D3F3008F75A0 /* PBXTargetDependency */,
			);
			name = "rdar-combine-highresTests";
			productName = "rdar-combine-highresTests";
			productReference = 4C1A58E91854D3F2008F75A0 /* rdar-combine-highresTests.xctest */;
			productType = "com.apple.product-type.bundle.unit-test";
		};
/* End PBXNativeTarget section */

/* Begin PBXProject section */
		4C1A58C01854D3F2008F75A0 /* Project object */ = {
			isa = PBXProject;
			attributes = {
				LastUpgradeCheck = 0510;
				ORGANIZATIONNAME = "Manuel \"StuFF mc\" Carrasco Molina";
				TargetAttributes = {
					4C1A58E81854D3F2008F75A0 = {
						TestTargetID = 4C1A58C71854D3F2008F75A0;
					};
				};
			};
			buildConfigurationList = 4C1A58C31854D3F2008F75A0 /* Build configuration list for PBXProject "rdar-combine-highres" */;
			compatibilityVersion = "Xcode 3.2";
			developmentRegion = English;
			hasScannedForEncodings = 0;
			knownRegions = (
				en,
				Base,
			);
			mainGroup = 4C1A58BF1854D3F2008F75A0;
			productRefGroup = 4C1A58C91854D3F2008F75A0 /* Products */;
			projectDirPath = "";
			projectRoot = "";
			targets = (
				4C1A58C71854D3F2008F75A0 /* rdar-combine-highres */,
				4C1A58E81854D3F2008F75A0 /* rdar-combine-highresTests */,
			);
		};
/* End PBXProject section */

/* Begin PBXResourcesBuildPhase section */
		4C1A58C61854D3F2008F75A0 /* Resources */ = {
			isa = PBXResourcesBuildPhase;
			buildActionMask = 2147483647;
			files = (
				4C1A59061854D4FD008F75A0 /* gruene@2x.png in Resources */,
				4C1A590C1854D8AF008F75A0 /* gruene.pdf in Resources */,
				4C1A58D61854D3F2008F75A0 /* InfoPlist.strings in Resources */,
				4C1A58E41854D3F2008F75A0 /* Images.xcassets in Resources */,
				4C1A58DC1854D3F2008F75A0 /* Credits.rtf in Resources */,
				4C1A59051854D4FD008F75A0 /* j-gruene@2x.jpg in Resources */,
				4C1A58E21854D3F2008F75A0 /* MainMenu.xib in Resources */,
				4C1A59081854D7EF008F75A0 /* README.md in Resources */,
				4C1A59031854D4FD008F75A0 /* j-gruene.jpg in Resources */,
				4C1A59041854D4FD008F75A0 /* gruene.png in Resources */,
			);
			runOnlyForDeploymentPostprocessing = 0;
		};
		4C1A58E71854D3F2008F75A0 /* Resources */ = {
			isa = PBXResourcesBuildPhase;
			buildActionMask = 2147483647;
			files = (
				4C1A58F41854D3F3008F75A0 /* InfoPlist.strings in Resources */,
			);
			runOnlyForDeploymentPostprocessing = 0;
		};
/* End PBXResourcesBuildPhase section */

/* Begin PBXSourcesBuildPhase section */
		4C1A58C41854D3F2008F75A0 /* Sources */ = {
			isa = PBXSourcesBuildPhase;
			buildActionMask = 2147483647;
			files = (
				4C1A58DF1854D3F2008F75A0 /* AppDelegate.m in Sources */,
				4C1A58D81854D3F2008F75A0 /* main.m in Sources */,
			);
			runOnlyForDeploymentPostprocessing = 0;
		};
		4C1A58E51854D3F2008F75A0 /* Sources */ = {
			isa = PBXSourcesBuildPhase;
			buildActionMask = 2147483647;
			files = (
				4C1A58F61854D3F3008F75A0 /* rdar_combine_highresTests.m in Sources */,
			);
			runOnlyForDeploymentPostprocessing = 0;
		};
/* End PBXSourcesBuildPhase section */

/* Begin PBXTargetDependency section */
		4C1A58EE1854D3F3008F75A0 /* PBXTargetDependency */ = {
			isa = PBXTargetDependency;
			target = 4C1A58C71854D3F2008F75A0 /* rdar-combine-highres */;
			targetProxy = 4C1A58ED1854D3F3008F75A0 /* PBXContainerItemProxy */;
		};
/* End PBXTargetDependency section */

/* Begin PBXVariantGroup section */
		4C1A58D41854D3F2008F75A0 /* InfoPlist.strings */ = {
			isa = PBXVariantGroup;
			children = (
				4C1A58D51854D3F2008F75A0 /* en */,
			);
			name = InfoPlist.strings;
			sourceTree = "<group>";
		};
		4C1A58DA1854D3F2008F75A0 /* Credits.rtf */ = {
			isa = PBXVariantGroup;
			children = (
				4C1A58DB1854D3F2008F75A0 /* en */,
			);
			name = Credits.rtf;
			sourceTree = "<group>";
		};
		4C1A58E01854D3F2008F75A0 /* MainMenu.xib */ = {
			isa = PBXVariantGroup;
			children = (
				4C1A58E11854D3F2008F75A0 /* Base */,
			);
			name = MainMenu.xib;
			sourceTree = "<group>";
		};
		4C1A58F21854D3F3008F75A0 /* InfoPlist.strings */ = {
			isa = PBXVariantGroup;
			children = (
				4C1A58F31854D3F3008F75A0 /* en */,
			);
			name = InfoPlist.strings;
			sourceTree = "<group>";
		};
/* End PBXVariantGroup section */

/* Begin XCBuildConfiguration section */
		4C1A58F71854D3F3008F75A0 /* Debug */ = {
			isa = XCBuildConfiguration;
			buildSettings = {
				ALWAYS_SEARCH_USER_PATHS = NO;
				CLANG_CXX_LANGUAGE_STANDARD = "gnu++0x";
				CLANG_CXX_LIBRARY = "libc++";
				CLANG_ENABLE_OBJC_ARC = YES;
				CLANG_WARN_BOOL_CONVERSION = YES;
				CLANG_WARN_CONSTANT_CONVERSION = YES;
				CLANG_WARN_DIRECT_OBJC_ISA_USAGE = YES_ERROR;
				CLANG_WARN_EMPTY_BODY = YES;
				CLANG_WARN_ENUM_CONVERSION = YES;
				CLANG_WARN_INT_CONVERSION = YES;
				CLANG_WARN_OBJC_ROOT_CLASS = YES_ERROR;
				CLANG_WARN__DUPLICATE_METHOD_MATCH = YES;
				COPY_PHASE_STRIP = NO;
				GCC_C_LANGUAGE_STANDARD = gnu99;
				GCC_DYNAMIC_NO_PIC = NO;
				GCC_ENABLE_OBJC_EXCEPTIONS = YES;
				GCC_OPTIMIZATION_LEVEL = 0;
				GCC_PREPROCESSOR_DEFINITIONS = (
					"DEBUG=1",
					"$(inherited)",
				);
				GCC_SYMBOLS_PRIVATE_EXTERN = NO;
				GCC_WARN_64_TO_32_BIT_CONVERSION = YES;
				GCC_WARN_ABOUT_RETURN_TYPE = YES_ERROR;
				GCC_WARN_UNDECLARED_SELECTOR = YES;
				GCC_WARN_UNINITIALIZED_AUTOS = YES_AGGRESSIVE;
				GCC_WARN_UNUSED_FUNCTION = YES;
				GCC_WARN_UNUSED_VARIABLE = YES;
				MACOSX_DEPLOYMENT_TARGET = 10.9;
				ONLY_ACTIVE_ARCH = YES;
				SDKROOT = macosx;
			};
			name = Debug;
		};
		4C1A58F81854D3F3008F75A0 /* Release */ = {
			isa = XCBuildConfiguration;
			buildSettings = {
				ALWAYS_SEARCH_USER_PATHS = NO;
				CLANG_CXX_LANGUAGE_STANDARD = "gnu++0x";
				CLANG_CXX_LIBRARY = "libc++";
				CLANG_ENABLE_OBJC_ARC = YES;
				CLANG_WARN_BOOL_CONVERSION = YES;
				CLANG_WARN_CONSTANT_CONVERSION = YES;
				CLANG_WARN_DIRECT_OBJC_ISA_USAGE = YES_ERROR;
				CLANG_WARN_EMPTY_BODY = YES;
				CLANG_WARN_ENUM_CONVERSION = YES;
				CLANG_WARN_INT_CONVERSION = YES;
				CLANG_WARN_OBJC_ROOT_CLASS = YES_ERROR;
				CLANG_WARN__DUPLICATE_METHOD_MATCH = YES;
				COPY_PHASE_STRIP = YES;
				DEBUG_INFORMATION_FORMAT = "dwarf-with-dsym";
				ENABLE_NS_ASSERTIONS = NO;
				GCC_C_LANGUAGE_STANDARD = gnu99;
				GCC_ENABLE_OBJC_EXCEPTIONS = YES;
				GCC_WARN_64_TO_32_BIT_CONVERSION = YES;
				GCC_WARN_ABOUT_RETURN_TYPE = YES_ERROR;
				GCC_WARN_UNDECLARED_SELECTOR = YES;
				GCC_WARN_UNINITIALIZED_AUTOS = YES_AGGRESSIVE;
				GCC_WARN_UNUSED_FUNCTION = YES;
				GCC_WARN_UNUSED_VARIABLE = YES;
				MACOSX_DEPLOYMENT_TARGET = 10.9;
				SDKROOT = macosx;
			};
			name = Release;
		};
		4C1A58FA1854D3F3008F75A0 /* Debug */ = {
			isa = XCBuildConfiguration;
			buildSettings = {
				ASSETCATALOG_COMPILER_APPICON_NAME = AppIcon;
				COMBINE_HIDPI_IMAGES = YES;
				GCC_PRECOMPILE_PREFIX_HEADER = YES;
				GCC_PREFIX_HEADER = "rdar-combine-highres/rdar-combine-highres-Prefix.pch";
				INFOPLIST_FILE = "rdar-combine-highres/rdar-combine-highres-Info.plist";
				PRODUCT_NAME = "$(TARGET_NAME)";
				WRAPPER_EXTENSION = app;
			};
			name = Debug;
		};
		4C1A58FB1854D3F3008F75A0 /* Release */ = {
			isa = XCBuildConfiguration;
			buildSettings = {
				ASSETCATALOG_COMPILER_APPICON_NAME = AppIcon;
				COMBINE_HIDPI_IMAGES = YES;
				GCC_PRECOMPILE_PREFIX_HEADER = YES;
				GCC_PREFIX_HEADER = "rdar-combine-highres/rdar-combine-highres-Prefix.pch";
				INFOPLIST_FILE = "rdar-combine-highres/rdar-combine-highres-Info.plist";
				PRODUCT_NAME = "$(TARGET_NAME)";
				WRAPPER_EXTENSION = app;
			};
			name = Release;
		};
		4C1A58FD1854D3F3008F75A0 /* Debug */ = {
			isa = XCBuildConfiguration;
			buildSettings = {
				BUNDLE_LOADER = "$(BUILT_PRODUCTS_DIR)/rdar-combine-highres.app/Contents/MacOS/rdar-combine-highres";
				COMBINE_HIDPI_IMAGES = YES;
				FRAMEWORK_SEARCH_PATHS = (
					"$(DEVELOPER_FRAMEWORKS_DIR)",
					"$(inherited)",
				);
				GCC_PRECOMPILE_PREFIX_HEADER = YES;
				GCC_PREFIX_HEADER = "rdar-combine-highres/rdar-combine-highres-Prefix.pch";
				GCC_PREPROCESSOR_DEFINITIONS = (
					"DEBUG=1",
					"$(inherited)",
				);
				INFOPLIST_FILE = "rdar-combine-highresTests/rdar-combine-highresTests-Info.plist";
				PRODUCT_NAME = "$(TARGET_NAME)";
				TEST_HOST = "$(BUNDLE_LOADER)";
				WRAPPER_EXTENSION = xctest;
			};
			name = Debug;
		};
		4C1A58FE1854D3F3008F75A0 /* Release */ = {
			isa = XCBuildConfiguration;
			buildSettings = {
				BUNDLE_LOADER = "$(BUILT_PRODUCTS_DIR)/rdar-combine-highres.app/Contents/MacOS/rdar-combine-highres";
				COMBINE_HIDPI_IMAGES = YES;
				FRAMEWORK_SEARCH_PATHS = (
					"$(DEVELOPER_FRAMEWORKS_DIR)",
					"$(inherited)",
				);
				GCC_PRECOMPILE_PREFIX_HEADER = YES;
				GCC_PREFIX_HEADER = "rdar-combine-highres/rdar-combine-highres-Prefix.pch";
				INFOPLIST_FILE = "rdar-combine-highresTests/rdar-combine-highresTests-Info.plist";
				PRODUCT_NAME = "$(TARGET_NAME)";
				TEST_HOST = "$(BUNDLE_LOADER)";
				WRAPPER_EXTENSION = xctest;
			};
			name = Release;
		};
/* End XCBuildConfiguration section */

/* Begin XCConfigurationList section */
		4C1A58C31854D3F2008F75A0 /* Build configuration list for PBXProject "rdar-combine-highres" */ = {
			isa = XCConfigurationList;
			buildConfigurations = (
				4C1A58F71854D3F3008F75A0 /* Debug */,
				4C1A58F81854D3F3008F75A0 /* Release */,
			);
			defaultConfigurationIsVisible = 0;
			defaultConfigurationName = Release;
		};
		4C1A58F91854D3F3008F75A0 /* Build configuration list for PBXNativeTarget "rdar-combine-highres" */ = {
			isa = XCConfigurationList;
			buildConfigurations = (
				4C1A58FA1854D3F3008F75A0 /* Debug */,
				4C1A58FB1854D3F3008F75A0 /* Release */,
			);
			defaultConfigurationIsVisible = 0;
		};
		4C1A58FC1854D3F3008F75A0 /* Build configuration list for PBXNativeTarget "rdar-combine-highresTests" */ = {
			isa = XCConfigurationList;
			buildConfigurations = (
				4C1A58FD1854D3F3008F75A0 /* Debug */,
				4C1A58FE1854D3F3008F75A0 /* Release */,
			);
			defaultConfigurationIsVisible = 0;
		};
/* End XCConfigurationList section */
	};
	rootObject = 4C1A58C01854D3F2008F75A0 /* Project object */;
}
